// !$*UTF8*$!
{
	archiveVersion = 1;
	classes = {
	};
	objectVersion = 46;
	objects = {

/* Begin PBXBuildFile section */
		6E6959D21DB86D7700CD76FB /* PlaySoundsViewController.swift in Sources */ = {isa = PBXBuildFile; fileRef = 6E6959D11DB86D7700CD76FB /* PlaySoundsViewController.swift */; };
		6E6959D51DB879F500CD76FB /* Main.storyboard in Resources */ = {isa = PBXBuildFile; fileRef = 6E6959D31DB879F500CD76FB /* Main.storyboard */; };
		6E7CD6371DA89987003E0FE3 /* AppDelegate.swift in Sources */ = {isa = PBXBuildFile; fileRef = 6E7CD6361DA89987003E0FE3 /* AppDelegate.swift */; };
		6E7CD6391DA89987003E0FE3 /* RecordSoundsViewController.swift in Sources */ = {isa = PBXBuildFile; fileRef = 6E7CD6381DA89987003E0FE3 /* RecordSoundsViewController.swift */; };
		6E7CD63E1DA89987003E0FE3 /* Assets.xcassets in Resources */ = {isa = PBXBuildFile; fileRef = 6E7CD63D1DA89987003E0FE3 /* Assets.xcassets */; };
		6E7CD6411DA89987003E0FE3 /* LaunchScreen.storyboard in Resources */ = {isa = PBXBuildFile; fileRef = 6E7CD63F1DA89987003E0FE3 /* LaunchScreen.storyboard */; };
		6E7CD64C1DA89987003E0FE3 /* PitchPerfectTests.swift in Sources */ = {isa = PBXBuildFile; fileRef = 6E7CD64B1DA89987003E0FE3 /* PitchPerfectTests.swift */; };
		6E7CD6571DA89987003E0FE3 /* PitchPerfectUITests.swift in Sources */ = {isa = PBXBuildFile; fileRef = 6E7CD6561DA89987003E0FE3 /* PitchPerfectUITests.swift */; };
		6EE98B801DBAEE2100714947 /* PlaySoundsViewController+Audio.swift in Sources */ = {isa = PBXBuildFile; fileRef = 6EE98B7F1DBAEE2100714947 /* PlaySoundsViewController+Audio.swift */; };
/* End PBXBuildFile section */

/* Begin PBXContainerItemProxy section */
		6E7CD6481DA89987003E0FE3 /* PBXContainerItemProxy */ = {
			isa = PBXContainerItemProxy;
			containerPortal = 6E7CD62B1DA89987003E0FE3 /* Project object */;
			proxyType = 1;
			remoteGlobalIDString = 6E7CD6321DA89987003E0FE3;
			remoteInfo = PitchPerfect;
		};
		6E7CD6531DA89987003E0FE3 /* PBXContainerItemProxy */ = {
			isa = PBXContainerItemProxy;
			containerPortal = 6E7CD62B1DA89987003E0FE3 /* Project object */;
			proxyType = 1;
			remoteGlobalIDString = 6E7CD6321DA89987003E0FE3;
			remoteInfo = PitchPerfect;
		};
/* End PBXContainerItemProxy section */

/* Begin PBXFileReference section */
		6E6959D11DB86D7700CD76FB /* PlaySoundsViewController.swift */ = {isa = PBXFileReference; fileEncoding = 4; lastKnownFileType = sourcecode.swift; path = PlaySoundsViewController.swift; sourceTree = "<group>"; };
		6E6959D41DB879F500CD76FB /* Base */ = {isa = PBXFileReference; lastKnownFileType = file.storyboard; name = Base; path = Base.lproj/Main.storyboard; sourceTree = "<group>"; };
		6E7CD6331DA89987003E0FE3 /* PitchPerfect.app */ = {isa = PBXFileReference; explicitFileType = wrapper.application; includeInIndex = 0; path = PitchPerfect.app; sourceTree = BUILT_PRODUCTS_DIR; };
		6E7CD6361DA89987003E0FE3 /* AppDelegate.swift */ = {isa = PBXFileReference; lastKnownFileType = sourcecode.swift; path = AppDelegate.swift; sourceTree = "<group>"; };
		6E7CD6381DA89987003E0FE3 /* RecordSoundsViewController.swift */ = {isa = PBXFileReference; lastKnownFileType = sourcecode.swift; path = RecordSoundsViewController.swift; sourceTree = "<group>"; };
		6E7CD63D1DA89987003E0FE3 /* Assets.xcassets */ = {isa = PBXFileReference; lastKnownFileType = folder.assetcatalog; path = Assets.xcassets; sourceTree = "<group>"; };
		6E7CD6401DA89987003E0FE3 /* Base */ = {isa = PBXFileReference; lastKnownFileType = file.storyboard; name = Base; path = Base.lproj/LaunchScreen.storyboard; sourceTree = "<group>"; };
		6E7CD6421DA89987003E0FE3 /* Info.plist */ = {isa = PBXFileReference; lastKnownFileType = text.plist.xml; path = Info.plist; sourceTree = "<group>"; };
		6E7CD6471DA89987003E0FE3 /* PitchPerfectTests.xctest */ = {isa = PBXFileReference; explicitFileType = wrapper.cfbundle; includeInIndex = 0; path = PitchPerfectTests.xctest; sourceTree = BUILT_PRODUCTS_DIR; };
		6E7CD64B1DA89987003E0FE3 /* PitchPerfectTests.swift */ = {isa = PBXFileReference; lastKnownFileType = sourcecode.swift; path = PitchPerfectTests.swift; sourceTree = "<group>"; };
		6E7CD64D1DA89987003E0FE3 /* Info.plist */ = {isa = PBXFileReference; lastKnownFileType = text.plist.xml; path = Info.plist; sourceTree = "<group>"; };
		6E7CD6521DA89987003E0FE3 /* PitchPerfectUITests.xctest */ = {isa = PBXFileReference; explicitFileType = wrapper.cfbundle; includeInIndex = 0; path = PitchPerfectUITests.xctest; sourceTree = BUILT_PRODUCTS_DIR; };
		6E7CD6561DA89987003E0FE3 /* PitchPerfectUITests.swift */ = {isa = PBXFileReference; lastKnownFileType = sourcecode.swift; path = PitchPerfectUITests.swift; sourceTree = "<group>"; };
		6E7CD6581DA89987003E0FE3 /* Info.plist */ = {isa = PBXFileReference; lastKnownFileType = text.plist.xml; path = Info.plist; sourceTree = "<group>"; };
		6EE98B7F1DBAEE2100714947 /* PlaySoundsViewController+Audio.swift */ = {isa = PBXFileReference; fileEncoding = 4; lastKnownFileType = sourcecode.swift; path = "PlaySoundsViewController+Audio.swift"; sourceTree = "<group>"; };
/* End PBXFileReference section */

/* Begin PBXFrameworksBuildPhase section */
		6E7CD6301DA89987003E0FE3 /* Frameworks */ = {
			isa = PBXFrameworksBuildPhase;
			buildActionMask = 2147483647;
			files = (
			);
			runOnlyForDeploymentPostprocessing = 0;
		};
		6E7CD6441DA89987003E0FE3 /* Frameworks */ = {
			isa = PBXFrameworksBuildPhase;
			buildActionMask = 2147483647;
			files = (
			);
			runOnlyForDeploymentPostprocessing = 0;
		};
		6E7CD64F1DA89987003E0FE3 /* Frameworks */ = {
			isa = PBXFrameworksBuildPhase;
			buildActionMask = 2147483647;
			files = (
			);
			runOnlyForDeploymentPostprocessing = 0;
		};
/* End PBXFrameworksBuildPhase section */

/* Begin PBXGroup section */
		6E7CD62A1DA89987003E0FE3 = {
			isa = PBXGroup;
			children = (
				6E7CD6351DA89987003E0FE3 /* PitchPerfect */,
				6E7CD64A1DA89987003E0FE3 /* PitchPerfectTests */,
				6E7CD6551DA89987003E0FE3 /* PitchPerfectUITests */,
				6E7CD6341DA89987003E0FE3 /* Products */,
			);
			sourceTree = "<group>";
		};
		6E7CD6341DA89987003E0FE3 /* Products */ = {
			isa = PBXGroup;
			children = (
				6E7CD6331DA89987003E0FE3 /* PitchPerfect.app */,
				6E7CD6471DA89987003E0FE3 /* PitchPerfectTests.xctest */,
				6E7CD6521DA89987003E0FE3 /* PitchPerfectUITests.xctest */,
			);
			name = Products;
			sourceTree = "<group>";
		};
		6E7CD6351DA89987003E0FE3 /* PitchPerfect */ = {
			isa = PBXGroup;
			children = (
				6E7CD6361DA89987003E0FE3 /* AppDelegate.swift */,
				6E7CD6381DA89987003E0FE3 /* RecordSoundsViewController.swift */,
				6E6959D11DB86D7700CD76FB /* PlaySoundsViewController.swift */,
				6EE98B7F1DBAEE2100714947 /* PlaySoundsViewController+Audio.swift */,
				6E6959D31DB879F500CD76FB /* Main.storyboard */,
				6E7CD63D1DA89987003E0FE3 /* Assets.xcassets */,
				6E7CD63F1DA89987003E0FE3 /* LaunchScreen.storyboard */,
				6E7CD6421DA89987003E0FE3 /* Info.plist */,
			);
			path = PitchPerfect;
			sourceTree = "<group>";
		};
		6E7CD64A1DA89987003E0FE3 /* PitchPerfectTests */ = {
			isa = PBXGroup;
			children = (
				6E7CD64B1DA89987003E0FE3 /* PitchPerfectTests.swift */,
				6E7CD64D1DA89987003E0FE3 /* Info.plist */,
			);
			path = PitchPerfectTests;
			sourceTree = "<group>";
		};
		6E7CD6551DA89987003E0FE3 /* PitchPerfectUITests */ = {
			isa = PBXGroup;
			children = (
				6E7CD6561DA89987003E0FE3 /* PitchPerfectUITests.swift */,
				6E7CD6581DA89987003E0FE3 /* Info.plist */,
			);
			path = PitchPerfectUITests;
			sourceTree = "<group>";
		};
/* End PBXGroup section */

/* Begin PBXNativeTarget section */
		6E7CD6321DA89987003E0FE3 /* PitchPerfect */ = {
			isa = PBXNativeTarget;
			buildConfigurationList = 6E7CD65B1DA89987003E0FE3 /* Build configuration list for PBXNativeTarget "PitchPerfect" */;
			buildPhases = (
				6E7CD62F1DA89987003E0FE3 /* Sources */,
				6E7CD6301DA89987003E0FE3 /* Frameworks */,
				6E7CD6311DA89987003E0FE3 /* Resources */,
			);
			buildRules = (
			);
			dependencies = (
			);
			name = PitchPerfect;
			productName = PitchPerfect;
			productReference = 6E7CD6331DA89987003E0FE3 /* PitchPerfect.app */;
			productType = "com.apple.product-type.application";
		};
		6E7CD6461DA89987003E0FE3 /* PitchPerfectTests */ = {
			isa = PBXNativeTarget;
			buildConfigurationList = 6E7CD65E1DA89987003E0FE3 /* Build configuration list for PBXNativeTarget "PitchPerfectTests" */;
			buildPhases = (
				6E7CD6431DA89987003E0FE3 /* Sources */,
				6E7CD6441DA89987003E0FE3 /* Frameworks */,
				6E7CD6451DA89987003E0FE3 /* Resources */,
			);
			buildRules = (
			);
			dependencies = (
				6E7CD6491DA89987003E0FE3 /* PBXTargetDependency */,
			);
			name = PitchPerfectTests;
			productName = PitchPerfectTests;
			productReference = 6E7CD6471DA89987003E0FE3 /* PitchPerfectTests.xctest */;
			productType = "com.apple.product-type.bundle.unit-test";
		};
		6E7CD6511DA89987003E0FE3 /* PitchPerfectUITests */ = {
			isa = PBXNativeTarget;
			buildConfigurationList = 6E7CD6611DA89987003E0FE3 /* Build configuration list for PBXNativeTarget "PitchPerfectUITests" */;
			buildPhases = (
				6E7CD64E1DA89987003E0FE3 /* Sources */,
				6E7CD64F1DA89987003E0FE3 /* Frameworks */,
				6E7CD6501DA89987003E0FE3 /* Resources */,
			);
			buildRules = (
			);
			dependencies = (
				6E7CD6541DA89987003E0FE3 /* PBXTargetDependency */,
			);
			name = PitchPerfectUITests;
			productName = PitchPerfectUITests;
			productReference = 6E7CD6521DA89987003E0FE3 /* PitchPerfectUITests.xctest */;
			productType = "com.apple.product-type.bundle.ui-testing";
		};
/* End PBXNativeTarget section */

/* Begin PBXProject section */
		6E7CD62B1DA89987003E0FE3 /* Project object */ = {
			isa = PBXProject;
			attributes = {
				LastSwiftUpdateCheck = 0800;
				LastUpgradeCheck = 0800;
				ORGANIZATIONNAME = "Angel Delgado";
				TargetAttributes = {
					6E7CD6321DA89987003E0FE3 = {
						CreatedOnToolsVersion = 8.0;
						DevelopmentTeam = 8K5N466483;
						ProvisioningStyle = Automatic;
					};
					6E7CD6461DA89987003E0FE3 = {
						CreatedOnToolsVersion = 8.0;
						DevelopmentTeam = 8K5N466483;
						ProvisioningStyle = Automatic;
						TestTargetID = 6E7CD6321DA89987003E0FE3;
					};
					6E7CD6511DA89987003E0FE3 = {
						CreatedOnToolsVersion = 8.0;
						DevelopmentTeam = 8K5N466483;
						ProvisioningStyle = Automatic;
						TestTargetID = 6E7CD6321DA89987003E0FE3;
					};
				};
			};
			buildConfigurationList = 6E7CD62E1DA89987003E0FE3 /* Build configuration list for PBXProject "PitchPerfect" */;
			compatibilityVersion = "Xcode 3.2";
			developmentRegion = English;
			hasScannedForEncodings = 0;
			knownRegions = (
				en,
				Base,
			);
			mainGroup = 6E7CD62A1DA89987003E0FE3;
			productRefGroup = 6E7CD6341DA89987003E0FE3 /* Products */;
			projectDirPath = "";
			projectRoot = "";
			targets = (
				6E7CD6321DA89987003E0FE3 /* PitchPerfect */,
				6E7CD6461DA89987003E0FE3 /* PitchPerfectTests */,
				6E7CD6511DA89987003E0FE3 /* PitchPerfectUITests */,
			);
		};
/* End PBXProject section */

/* Begin PBXResourcesBuildPhase section */
		6E7CD6311DA89987003E0FE3 /* Resources */ = {
			isa = PBXResourcesBuildPhase;
			buildActionMask = 2147483647;
			files = (
				6E6959D51DB879F500CD76FB /* Main.storyboard in Resources */,
				6E7CD6411DA89987003E0FE3 /* LaunchScreen.storyboard in Resources */,
				6E7CD63E1DA89987003E0FE3 /* Assets.xcassets in Resources */,
			);
			runOnlyForDeploymentPostprocessing = 0;
		};
		6E7CD6451DA89987003E0FE3 /* Resources */ = {
			isa = PBXResourcesBuildPhase;
			buildActionMask = 2147483647;
			files = (
			);
			runOnlyForDeploymentPostprocessing = 0;
		};
		6E7CD6501DA89987003E0FE3 /* Resources */ = {
			isa = PBXResourcesBuildPhase;
			buildActionMask = 2147483647;
			files = (
			);
			runOnlyForDeploymentPostprocessing = 0;
		};
/* End PBXResourcesBuildPhase section */

/* Begin PBXSourcesBuildPhase section */
		6E7CD62F1DA89987003E0FE3 /* Sources */ = {
			isa = PBXSourcesBuildPhase;
			buildActionMask = 2147483647;
			files = (
				6E7CD6391DA89987003E0FE3 /* RecordSoundsViewController.swift in Sources */,
				6EE98B801DBAEE2100714947 /* PlaySoundsViewController+Audio.swift in Sources */,
				6E6959D21DB86D7700CD76FB /* PlaySoundsViewController.swift in Sources */,
				6E7CD6371DA89987003E0FE3 /* AppDelegate.swift in Sources */,
			);
			runOnlyForDeploymentPostprocessing = 0;
		};
		6E7CD6431DA89987003E0FE3 /* Sources */ = {
			isa = PBXSourcesBuildPhase;
			buildActionMask = 2147483647;
			files = (
				6E7CD64C1DA89987003E0FE3 /* PitchPerfectTests.swift in Sources */,
			);
			runOnlyForDeploymentPostprocessing = 0;
		};
		6E7CD64E1DA89987003E0FE3 /* Sources */ = {
			isa = PBXSourcesBuildPhase;
			buildActionMask = 2147483647;
			files = (
				6E7CD6571DA89987003E0FE3 /* PitchPerfectUITests.swift in Sources */,
			);
			runOnlyForDeploymentPostprocessing = 0;
		};
/* End PBXSourcesBuildPhase section */

/* Begin PBXTargetDependency section */
		6E7CD6491DA89987003E0FE3 /* PBXTargetDependency */ = {
			isa = PBXTargetDependency;
			target = 6E7CD6321DA89987003E0FE3 /* PitchPerfect */;
			targetProxy = 6E7CD6481DA89987003E0FE3 /* PBXContainerItemProxy */;
		};
		6E7CD6541DA89987003E0FE3 /* PBXTargetDependency */ = {
			isa = PBXTargetDependency;
			target = 6E7CD6321DA89987003E0FE3 /* PitchPerfect */;
			targetProxy = 6E7CD6531DA89987003E0FE3 /* PBXContainerItemProxy */;
		};
/* End PBXTargetDependency section */

/* Begin PBXVariantGroup section */
		6E6959D31DB879F500CD76FB /* Main.storyboard */ = {
			isa = PBXVariantGroup;
			children = (
				6E6959D41DB879F500CD76FB /* Base */,
			);
			name = Main.storyboard;
			sourceTree = "<group>";
		};
		6E7CD63F1DA89987003E0FE3 /* LaunchScreen.storyboard */ = {
			isa = PBXVariantGroup;
			children = (
				6E7CD6401DA89987003E0FE3 /* Base */,
			);
			name = LaunchScreen.storyboard;
			sourceTree = "<group>";
		};
/* End PBXVariantGroup section */

/* Begin XCBuildConfiguration section */
		6E7CD6591DA89987003E0FE3 /* Debug */ = {
			isa = XCBuildConfiguration;
			buildSettings = {
				ALWAYS_SEARCH_USER_PATHS = NO;
				CLANG_ANALYZER_NONNULL = YES;
				CLANG_CXX_LANGUAGE_STANDARD = "gnu++0x";
				CLANG_CXX_LIBRARY = "libc++";
				CLANG_ENABLE_MODULES = YES;
				CLANG_ENABLE_OBJC_ARC = YES;
				CLANG_WARN_BOOL_CONVERSION = YES;
				CLANG_WARN_CONSTANT_CONVERSION = YES;
				CLANG_WARN_DIRECT_OBJC_ISA_USAGE = YES_ERROR;
				CLANG_WARN_DOCUMENTATION_COMMENTS = YES;
				CLANG_WARN_EMPTY_BODY = YES;
				CLANG_WARN_ENUM_CONVERSION = YES;
				CLANG_WARN_INFINITE_RECURSION = YES;
				CLANG_WARN_INT_CONVERSION = YES;
				CLANG_WARN_OBJC_ROOT_CLASS = YES_ERROR;
				CLANG_WARN_SUSPICIOUS_MOVES = YES;
				CLANG_WARN_UNREACHABLE_CODE = YES;
				CLANG_WARN__DUPLICATE_METHOD_MATCH = YES;
				"CODE_SIGN_IDENTITY[sdk=iphoneos*]" = "iPhone Developer";
				COPY_PHASE_STRIP = NO;
				DEBUG_INFORMATION_FORMAT = dwarf;
				ENABLE_STRICT_OBJC_MSGSEND = YES;
				ENABLE_TESTABILITY = YES;
				GCC_C_LANGUAGE_STANDARD = gnu99;
				GCC_DYNAMIC_NO_PIC = NO;
				GCC_NO_COMMON_BLOCKS = YES;
				GCC_OPTIMIZATION_LEVEL = 0;
				GCC_PREPROCESSOR_DEFINITIONS = (
					"DEBUG=1",
					"$(inherited)",
				);
				GCC_WARN_64_TO_32_BIT_CONVERSION = YES;
				GCC_WARN_ABOUT_RETURN_TYPE = YES_ERROR;
				GCC_WARN_UNDECLARED_SELECTOR = YES;
				GCC_WARN_UNINITIALIZED_AUTOS = YES_AGGRESSIVE;
				GCC_WARN_UNUSED_FUNCTION = YES;
				GCC_WARN_UNUSED_VARIABLE = YES;
				IPHONEOS_DEPLOYMENT_TARGET = 10.0;
				MTL_ENABLE_DEBUG_INFO = YES;
				ONLY_ACTIVE_ARCH = YES;
				SDKROOT = iphoneos;
				SWIFT_ACTIVE_COMPILATION_CONDITIONS = DEBUG;
				SWIFT_OPTIMIZATION_LEVEL = "-Onone";
				TARGETED_DEVICE_FAMILY = "1,2";
			};
			name = Debug;
		};
		6E7CD65A1DA89987003E0FE3 /* Release */ = {
			isa = XCBuildConfiguration;
			buildSettings = {
				ALWAYS_SEARCH_USER_PATHS = NO;
				CLANG_ANALYZER_NONNULL = YES;
				CLANG_CXX_LANGUAGE_STANDARD = "gnu++0x";
				CLANG_CXX_LIBRARY = "libc++";
				CLANG_ENABLE_MODULES = YES;
				CLANG_ENABLE_OBJC_ARC = YES;
				CLANG_WARN_BOOL_CONVERSION = YES;
				CLANG_WARN_CONSTANT_CONVERSION = YES;
				CLANG_WARN_DIRECT_OBJC_ISA_USAGE = YES_ERROR;
				CLANG_WARN_DOCUMENTATION_COMMENTS = YES;
				CLANG_WARN_EMPTY_BODY = YES;
				CLANG_WARN_ENUM_CONVERSION = YES;
				CLANG_WARN_INFINITE_RECURSION = YES;
				CLANG_WARN_INT_CONVERSION = YES;
				CLANG_WARN_OBJC_ROOT_CLASS = YES_ERROR;
				CLANG_WARN_SUSPICIOUS_MOVES = YES;
				CLANG_WARN_UNREACHABLE_CODE = YES;
				CLANG_WARN__DUPLICATE_METHOD_MATCH = YES;
				"CODE_SIGN_IDENTITY[sdk=iphoneos*]" = "iPhone Developer";
				COPY_PHASE_STRIP = NO;
				DEBUG_INFORMATION_FORMAT = "dwarf-with-dsym";
				ENABLE_NS_ASSERTIONS = NO;
				ENABLE_STRICT_OBJC_MSGSEND = YES;
				GCC_C_LANGUAGE_STANDARD = gnu99;
				GCC_NO_COMMON_BLOCKS = YES;
				GCC_WARN_64_TO_32_BIT_CONVERSION = YES;
				GCC_WARN_ABOUT_RETURN_TYPE = YES_ERROR;
				GCC_WARN_UNDECLARED_SELECTOR = YES;
				GCC_WARN_UNINITIALIZED_AUTOS = YES_AGGRESSIVE;
				GCC_WARN_UNUSED_FUNCTION = YES;
				GCC_WARN_UNUSED_VARIABLE = YES;
				IPHONEOS_DEPLOYMENT_TARGET = 10.0;
				MTL_ENABLE_DEBUG_INFO = NO;
				SDKROOT = iphoneos;
				SWIFT_OPTIMIZATION_LEVEL = "-Owholemodule";
				TARGETED_DEVICE_FAMILY = "1,2";
				VALIDATE_PRODUCT = YES;
			};
			name = Release;
		};
		6E7CD65C1DA89987003E0FE3 /* Debug */ = {
			isa = XCBuildConfiguration;
			buildSettings = {
				ASSETCATALOG_COMPILER_APPICON_NAME = AppIcon;
				DEVELOPMENT_TEAM = 8K5N466483;
				INFOPLIST_FILE = PitchPerfect/Info.plist;
				LD_RUNPATH_SEARCH_PATHS = "$(inherited) @executable_path/Frameworks";
				PRODUCT_BUNDLE_IDENTIFIER = com.sample.PitchPerfect;
				PRODUCT_NAME = "$(TARGET_NAME)";
				SWIFT_VERSION = 3.0;
			};
			name = Debug;
		};
		6E7CD65D1DA89987003E0FE3 /* Release */ = {
			isa = XCBuildConfiguration;
			buildSettings = {
				ASSETCATALOG_COMPILER_APPICON_NAME = AppIcon;
				DEVELOPMENT_TEAM = 8K5N466483;
				INFOPLIST_FILE = PitchPerfect/Info.plist;
				LD_RUNPATH_SEARCH_PATHS = "$(inherited) @executable_path/Frameworks";
				PRODUCT_BUNDLE_IDENTIFIER = com.sample.PitchPerfect;
				PRODUCT_NAME = "$(TARGET_NAME)";
				SWIFT_VERSION = 3.0;
			};
			name = Release;
		};
		6E7CD65F1DA89987003E0FE3 /* Debug */ = {
			isa = XCBuildConfiguration;
			buildSettings = {
				ALWAYS_EMBED_SWIFT_STANDARD_LIBRARIES = YES;
				BUNDLE_LOADER = "$(TEST_HOST)";
				DEVELOPMENT_TEAM = 8K5N466483;
				INFOPLIST_FILE = PitchPerfectTests/Info.plist;
				LD_RUNPATH_SEARCH_PATHS = "$(inherited) @executable_path/Frameworks @loader_path/Frameworks";
				PRODUCT_BUNDLE_IDENTIFIER = com.sample.PitchPerfectTests;
				PRODUCT_NAME = "$(TARGET_NAME)";
				SWIFT_VERSION = 3.0;
				TEST_HOST = "$(BUILT_PRODUCTS_DIR)/PitchPerfect.app/PitchPerfect";
			};
			name = Debug;
		};
		6E7CD6601DA89987003E0FE3 /* Release */ = {
			isa = XCBuildConfiguration;
			buildSettings = {
				ALWAYS_EMBED_SWIFT_STANDARD_LIBRARIES = YES;
				BUNDLE_LOADER = "$(TEST_HOST)";
				DEVELOPMENT_TEAM = 8K5N466483;
				INFOPLIST_FILE = PitchPerfectTests/Info.plist;
				LD_RUNPATH_SEARCH_PATHS = "$(inherited) @executable_path/Frameworks @loader_path/Frameworks";
				PRODUCT_BUNDLE_IDENTIFIER = com.sample.PitchPerfectTests;
				PRODUCT_NAME = "$(TARGET_NAME)";
				SWIFT_VERSION = 3.0;
				TEST_HOST = "$(BUILT_PRODUCTS_DIR)/PitchPerfect.app/PitchPerfect";
			};
			name = Release;
		};
		6E7CD6621DA89987003E0FE3 /* Debug */ = {
			isa = XCBuildConfiguration;
			buildSettings = {
				ALWAYS_EMBED_SWIFT_STANDARD_LIBRARIES = YES;
				DEVELOPMENT_TEAM = 8K5N466483;
				INFOPLIST_FILE = PitchPerfectUITests/Info.plist;
				LD_RUNPATH_SEARCH_PATHS = "$(inherited) @executable_path/Frameworks @loader_path/Frameworks";
				PRODUCT_BUNDLE_IDENTIFIER = com.sample.PitchPerfectUITests;
				PRODUCT_NAME = "$(TARGET_NAME)";
				SWIFT_VERSION = 3.0;
				TEST_TARGET_NAME = PitchPerfect;
			};
			name = Debug;
		};
		6E7CD6631DA89987003E0FE3 /* Release */ = {
			isa = XCBuildConfiguration;
			buildSettings = {
				ALWAYS_EMBED_SWIFT_STANDARD_LIBRARIES = YES;
				DEVELOPMENT_TEAM = 8K5N466483;
				INFOPLIST_FILE = PitchPerfectUITests/Info.plist;
				LD_RUNPATH_SEARCH_PATHS = "$(inherited) @executable_path/Frameworks @loader_path/Frameworks";
				PRODUCT_BUNDLE_IDENTIFIER = com.sample.PitchPerfectUITests;
				PRODUCT_NAME = "$(TARGET_NAME)";
				SWIFT_VERSION = 3.0;
				TEST_TARGET_NAME = PitchPerfect;
			};
			name = Release;
		};
/* End XCBuildConfiguration section */

/* Begin XCConfigurationList section */
		6E7CD62E1DA89987003E0FE3 /* Build configuration list for PBXProject "PitchPerfect" */ = {
			isa = XCConfigurationList;
			buildConfigurations = (
				6E7CD6591DA89987003E0FE3 /* Debug */,
				6E7CD65A1DA89987003E0FE3 /* Release */,
			);
			defaultConfigurationIsVisible = 0;
			defaultConfigurationName = Release;
		};
		6E7CD65B1DA89987003E0FE3 /* Build configuration list for PBXNativeTarget "PitchPerfect" */ = {
			isa = XCConfigurationList;
			buildConfigurations = (
				6E7CD65C1DA89987003E0FE3 /* Debug */,
				6E7CD65D1DA89987003E0FE3 /* Release */,
			);
			defaultConfigurationIsVisible = 0;
			defaultConfigurationName = Release;
		};
		6E7CD65E1DA89987003E0FE3 /* Build configuration list for PBXNativeTarget "PitchPerfectTests" */ = {
			isa = XCConfigurationList;
			buildConfigurations = (
				6E7CD65F1DA89987003E0FE3 /* Debug */,
				6E7CD6601DA89987003E0FE3 /* Release */,
			);
			defaultConfigurationIsVisible = 0;
			defaultConfigurationName = Release;
		};
		6E7CD6611DA89987003E0FE3 /* Build configuration list for PBXNativeTarget "PitchPerfectUITests" */ = {
			isa = XCConfigurationList;
			buildConfigurations = (
				6E7CD6621DA89987003E0FE3 /* Debug */,
				6E7CD6631DA89987003E0FE3 /* Release */,
			);
			defaultConfigurationIsVisible = 0;
			defaultConfigurationName = Release;
		};
/* End XCConfigurationList section */
	};
	rootObject = 6E7CD62B1DA89987003E0FE3 /* Project object */;
}
